// !$*UTF8*$!
{
	archiveVersion = 1;
	classes = {
	};
	objectVersion = 56;
	objects = {

/* Begin PBXBuildFile section */
		4D20057D51AEAA46D35418D8 /* Pods_alamo_test.framework in Frameworks */ = {isa = PBXBuildFile; fileRef = 788230FB77F676E32B9F6B28 /* Pods_alamo_test.framework */; };
		BD9D68E729B3AF4D009DCB14 /* AppDelegate.swift in Sources */ = {isa = PBXBuildFile; fileRef = BD9D68E629B3AF4D009DCB14 /* AppDelegate.swift */; };
		BD9D68E929B3AF4D009DCB14 /* SceneDelegate.swift in Sources */ = {isa = PBXBuildFile; fileRef = BD9D68E829B3AF4D009DCB14 /* SceneDelegate.swift */; };
		BD9D68EB29B3AF4D009DCB14 /* ViewController.swift in Sources */ = {isa = PBXBuildFile; fileRef = BD9D68EA29B3AF4D009DCB14 /* ViewController.swift */; };
		BD9D68EE29B3AF4D009DCB14 /* Main.storyboard in Resources */ = {isa = PBXBuildFile; fileRef = BD9D68EC29B3AF4D009DCB14 /* Main.storyboard */; };
		BD9D68F029B3AF4E009DCB14 /* Assets.xcassets in Resources */ = {isa = PBXBuildFile; fileRef = BD9D68EF29B3AF4E009DCB14 /* Assets.xcassets */; };
		BD9D68F329B3AF4E009DCB14 /* LaunchScreen.storyboard in Resources */ = {isa = PBXBuildFile; fileRef = BD9D68F129B3AF4E009DCB14 /* LaunchScreen.storyboard */; };
		BD9D68FB29B3B3DD009DCB14 /* testCell.swift in Sources */ = {isa = PBXBuildFile; fileRef = BD9D68FA29B3B3DD009DCB14 /* testCell.swift */; };
		BD9D68FD29B3C3DE009DCB14 /* Detail.storyboard in Resources */ = {isa = PBXBuildFile; fileRef = BD9D68FC29B3C3DE009DCB14 /* Detail.storyboard */; };
		BD9D68FF29B3C567009DCB14 /* Detail.swift in Sources */ = {isa = PBXBuildFile; fileRef = BD9D68FE29B3C567009DCB14 /* Detail.swift */; };
/* End PBXBuildFile section */

/* Begin PBXFileReference section */
		788230FB77F676E32B9F6B28 /* Pods_alamo_test.framework */ = {isa = PBXFileReference; explicitFileType = wrapper.framework; includeInIndex = 0; path = Pods_alamo_test.framework; sourceTree = BUILT_PRODUCTS_DIR; };
		8B3838A83DDCB43F33C29062 /* Pods-alamo_test.debug.xcconfig */ = {isa = PBXFileReference; includeInIndex = 1; lastKnownFileType = text.xcconfig; name = "Pods-alamo_test.debug.xcconfig"; path = "Target Support Files/Pods-alamo_test/Pods-alamo_test.debug.xcconfig"; sourceTree = "<group>"; };
		A3B3B8201075B6958911A343 /* Pods-alamo_test.release.xcconfig */ = {isa = PBXFileReference; includeInIndex = 1; lastKnownFileType = text.xcconfig; name = "Pods-alamo_test.release.xcconfig"; path = "Target Support Files/Pods-alamo_test/Pods-alamo_test.release.xcconfig"; sourceTree = "<group>"; };
		BD9D68E329B3AF4D009DCB14 /* alamo_test.app */ = {isa = PBXFileReference; explicitFileType = wrapper.application; includeInIndex = 0; path = alamo_test.app; sourceTree = BUILT_PRODUCTS_DIR; };
		BD9D68E629B3AF4D009DCB14 /* AppDelegate.swift */ = {isa = PBXFileReference; lastKnownFileType = sourcecode.swift; path = AppDelegate.swift; sourceTree = "<group>"; };
		BD9D68E829B3AF4D009DCB14 /* SceneDelegate.swift */ = {isa = PBXFileReference; lastKnownFileType = sourcecode.swift; path = SceneDelegate.swift; sourceTree = "<group>"; };
		BD9D68EA29B3AF4D009DCB14 /* ViewController.swift */ = {isa = PBXFileReference; lastKnownFileType = sourcecode.swift; path = ViewController.swift; sourceTree = "<group>"; };
		BD9D68ED29B3AF4D009DCB14 /* Base */ = {isa = PBXFileReference; lastKnownFileType = file.storyboard; name = Base; path = Base.lproj/Main.storyboard; sourceTree = "<group>"; };
		BD9D68EF29B3AF4E009DCB14 /* Assets.xcassets */ = {isa = PBXFileReference; lastKnownFileType = folder.assetcatalog; path = Assets.xcassets; sourceTree = "<group>"; };
		BD9D68F229B3AF4E009DCB14 /* Base */ = {isa = PBXFileReference; lastKnownFileType = file.storyboard; name = Base; path = Base.lproj/LaunchScreen.storyboard; sourceTree = "<group>"; };
		BD9D68F429B3AF4E009DCB14 /* Info.plist */ = {isa = PBXFileReference; lastKnownFileType = text.plist.xml; path = Info.plist; sourceTree = "<group>"; };
		BD9D68FA29B3B3DD009DCB14 /* testCell.swift */ = {isa = PBXFileReference; lastKnownFileType = sourcecode.swift; path = testCell.swift; sourceTree = "<group>"; };
		BD9D68FC29B3C3DE009DCB14 /* Detail.storyboard */ = {isa = PBXFileReference; lastKnownFileType = file.storyboard; path = Detail.storyboard; sourceTree = "<group>"; };
		BD9D68FE29B3C567009DCB14 /* Detail.swift */ = {isa = PBXFileReference; lastKnownFileType = sourcecode.swift; path = Detail.swift; sourceTree = "<group>"; };
/* End PBXFileReference section */

/* Begin PBXFrameworksBuildPhase section */
		BD9D68E029B3AF4D009DCB14 /* Frameworks */ = {
			isa = PBXFrameworksBuildPhase;
			buildActionMask = 2147483647;
			files = (
				4D20057D51AEAA46D35418D8 /* Pods_alamo_test.framework in Frameworks */,
			);
			runOnlyForDeploymentPostprocessing = 0;
		};
/* End PBXFrameworksBuildPhase section */

/* Begin PBXGroup section */
		003EA0677633A97D3ED69CFB /* Pods */ = {
			isa = PBXGroup;
			children = (
				8B3838A83DDCB43F33C29062 /* Pods-alamo_test.debug.xcconfig */,
				A3B3B8201075B6958911A343 /* Pods-alamo_test.release.xcconfig */,
			);
			path = Pods;
			sourceTree = "<group>";
		};
		212A5591032F72D9F5C82C74 /* Frameworks */ = {
			isa = PBXGroup;
			children = (
				788230FB77F676E32B9F6B28 /* Pods_alamo_test.framework */,
			);
			name = Frameworks;
			sourceTree = "<group>";
		};
		BD9D68DA29B3AF4D009DCB14 = {
			isa = PBXGroup;
			children = (
				BD9D68E529B3AF4D009DCB14 /* alamo_test */,
				BD9D68E429B3AF4D009DCB14 /* Products */,
				003EA0677633A97D3ED69CFB /* Pods */,
				212A5591032F72D9F5C82C74 /* Frameworks */,
			);
			sourceTree = "<group>";
		};
		BD9D68E429B3AF4D009DCB14 /* Products */ = {
			isa = PBXGroup;
			children = (
				BD9D68E329B3AF4D009DCB14 /* alamo_test.app */,
			);
			name = Products;
			sourceTree = "<group>";
		};
		BD9D68E529B3AF4D009DCB14 /* alamo_test */ = {
			isa = PBXGroup;
			children = (
				BD9D68E629B3AF4D009DCB14 /* AppDelegate.swift */,
				BD9D68E829B3AF4D009DCB14 /* SceneDelegate.swift */,
				BD9D68EA29B3AF4D009DCB14 /* ViewController.swift */,
				BD9D68FE29B3C567009DCB14 /* Detail.swift */,
				BD9D68FA29B3B3DD009DCB14 /* testCell.swift */,
				BD9D68FC29B3C3DE009DCB14 /* Detail.storyboard */,
				BD9D68EC29B3AF4D009DCB14 /* Main.storyboard */,
				BD9D68F129B3AF4E009DCB14 /* LaunchScreen.storyboard */,
				BD9D68EF29B3AF4E009DCB14 /* Assets.xcassets */,
				BD9D68F429B3AF4E009DCB14 /* Info.plist */,
			);
			path = alamo_test;
			sourceTree = "<group>";
		};
/* End PBXGroup section */

/* Begin PBXNativeTarget section */
		BD9D68E229B3AF4D009DCB14 /* alamo_test */ = {
			isa = PBXNativeTarget;
			buildConfigurationList = BD9D68F729B3AF4E009DCB14 /* Build configuration list for PBXNativeTarget "alamo_test" */;
			buildPhases = (
				14A0F83CF977CF0411AF0E79 /* [CP] Check Pods Manifest.lock */,
				BD9D68DF29B3AF4D009DCB14 /* Sources */,
				BD9D68E029B3AF4D009DCB14 /* Frameworks */,
				BD9D68E129B3AF4D009DCB14 /* Resources */,
				5210FF0EE85FDB6C9B552CDF /* [CP] Embed Pods Frameworks */,
			);
			buildRules = (
			);
			dependencies = (
			);
			name = alamo_test;
			productName = alamo_test;
			productReference = BD9D68E329B3AF4D009DCB14 /* alamo_test.app */;
			productType = "com.apple.product-type.application";
		};
/* End PBXNativeTarget section */

/* Begin PBXProject section */
		BD9D68DB29B3AF4D009DCB14 /* Project object */ = {
			isa = PBXProject;
			attributes = {
				BuildIndependentTargetsInParallel = 1;
				LastSwiftUpdateCheck = 1420;
				LastUpgradeCheck = 1420;
				TargetAttributes = {
					BD9D68E229B3AF4D009DCB14 = {
						CreatedOnToolsVersion = 14.2;
					};
				};
			};
			buildConfigurationList = BD9D68DE29B3AF4D009DCB14 /* Build configuration list for PBXProject "alamo_test" */;
			compatibilityVersion = "Xcode 14.0";
			developmentRegion = en;
			hasScannedForEncodings = 0;
			knownRegions = (
				en,
				Base,
			);
			mainGroup = BD9D68DA29B3AF4D009DCB14;
			productRefGroup = BD9D68E429B3AF4D009DCB14 /* Products */;
			projectDirPath = "";
			projectRoot = "";
			targets = (
				BD9D68E229B3AF4D009DCB14 /* alamo_test */,
			);
		};
/* End PBXProject section */

/* Begin PBXResourcesBuildPhase section */
		BD9D68E129B3AF4D009DCB14 /* Resources */ = {
			isa = PBXResourcesBuildPhase;
			buildActionMask = 2147483647;
			files = (
				BD9D68F329B3AF4E009DCB14 /* LaunchScreen.storyboard in Resources */,
				BD9D68F029B3AF4E009DCB14 /* Assets.xcassets in Resources */,
				BD9D68EE29B3AF4D009DCB14 /* Main.storyboard in Resources */,
				BD9D68FD29B3C3DE009DCB14 /* Detail.storyboard in Resources */,
			);
			runOnlyForDeploymentPostprocessing = 0;
		};
/* End PBXResourcesBuildPhase section */

/* Begin PBXShellScriptBuildPhase section */
		14A0F83CF977CF0411AF0E79 /* [CP] Check Pods Manifest.lock */ = {
			isa = PBXShellScriptBuildPhase;
			buildActionMask = 2147483647;
			files = (
			);
			inputFileListPaths = (
			);
			inputPaths = (
				"${PODS_PODFILE_DIR_PATH}/Podfile.lock",
				"${PODS_ROOT}/Manifest.lock",
			);
			name = "[CP] Check Pods Manifest.lock";
			outputFileListPaths = (
			);
			outputPaths = (
				"$(DERIVED_FILE_DIR)/Pods-alamo_test-checkManifestLockResult.txt",
			);
			runOnlyForDeploymentPostprocessing = 0;
			shellPath = /bin/sh;
			shellScript = "diff \"${PODS_PODFILE_DIR_PATH}/Podfile.lock\" \"${PODS_ROOT}/Manifest.lock\" > /dev/null\nif [ $? != 0 ] ; then\n    # print error to STDERR\n    echo \"error: The sandbox is not in sync with the Podfile.lock. Run 'pod install' or update your CocoaPods installation.\" >&2\n    exit 1\nfi\n# This output is used by Xcode 'outputs' to avoid re-running this script phase.\necho \"SUCCESS\" > \"${SCRIPT_OUTPUT_FILE_0}\"\n";
			showEnvVarsInLog = 0;
		};
		5210FF0EE85FDB6C9B552CDF /* [CP] Embed Pods Frameworks */ = {
			isa = PBXShellScriptBuildPhase;
			buildActionMask = 2147483647;
			files = (
			);
			inputFileListPaths = (
				"${PODS_ROOT}/Target Support Files/Pods-alamo_test/Pods-alamo_test-frameworks-${CONFIGURATION}-input-files.xcfilelist",
			);
			name = "[CP] Embed Pods Frameworks";
			outputFileListPaths = (
				"${PODS_ROOT}/Target Support Files/Pods-alamo_test/Pods-alamo_test-frameworks-${CONFIGURATION}-output-files.xcfilelist",
			);
			runOnlyForDeploymentPostprocessing = 0;
			shellPath = /bin/sh;
			shellScript = "\"${PODS_ROOT}/Target Support Files/Pods-alamo_test/Pods-alamo_test-frameworks.sh\"\n";
			showEnvVarsInLog = 0;
		};
/* End PBXShellScriptBuildPhase section */

/* Begin PBXSourcesBuildPhase section */
		BD9D68DF29B3AF4D009DCB14 /* Sources */ = {
			isa = PBXSourcesBuildPhase;
			buildActionMask = 2147483647;
			files = (
				BD9D68EB29B3AF4D009DCB14 /* ViewController.swift in Sources */,
				BD9D68FF29B3C567009DCB14 /* Detail.swift in Sources */,
				BD9D68FB29B3B3DD009DCB14 /* testCell.swift in Sources */,
				BD9D68E729B3AF4D009DCB14 /* AppDelegate.swift in Sources */,
				BD9D68E929B3AF4D009DCB14 /* SceneDelegate.swift in Sources */,
			);
			runOnlyForDeploymentPostprocessing = 0;
		};
/* End PBXSourcesBuildPhase section */

/* Begin PBXVariantGroup section */
		BD9D68EC29B3AF4D009DCB14 /* Main.storyboard */ = {
			isa = PBXVariantGroup;
			children = (
				BD9D68ED29B3AF4D009DCB14 /* Base */,
			);
			name = Main.storyboard;
			sourceTree = "<group>";
		};
		BD9D68F129B3AF4E009DCB14 /* LaunchScreen.storyboard */ = {
			isa = PBXVariantGroup;
			children = (
				BD9D68F229B3AF4E009DCB14 /* Base */,
			);
			name = LaunchScreen.storyboard;
			sourceTree = "<group>";
		};
/* End PBXVariantGroup section */

/* Begin XCBuildConfiguration section */
		BD9D68F529B3AF4E009DCB14 /* Debug */ = {
			isa = XCBuildConfiguration;
			buildSettings = {
				ALWAYS_SEARCH_USER_PATHS = NO;
				CLANG_ANALYZER_NONNULL = YES;
				CLANG_ANALYZER_NUMBER_OBJECT_CONVERSION = YES_AGGRESSIVE;
				CLANG_CXX_LANGUAGE_STANDARD = "gnu++20";
				CLANG_ENABLE_MODULES = YES;
				CLANG_ENABLE_OBJC_ARC = YES;
				CLANG_ENABLE_OBJC_WEAK = YES;
				CLANG_WARN_BLOCK_CAPTURE_AUTORELEASING = YES;
				CLANG_WARN_BOOL_CONVERSION = YES;
				CLANG_WARN_COMMA = YES;
				CLANG_WARN_CONSTANT_CONVERSION = YES;
				CLANG_WARN_DEPRECATED_OBJC_IMPLEMENTATIONS = YES;
				CLANG_WARN_DIRECT_OBJC_ISA_USAGE = YES_ERROR;
				CLANG_WARN_DOCUMENTATION_COMMENTS = YES;
				CLANG_WARN_EMPTY_BODY = YES;
				CLANG_WARN_ENUM_CONVERSION = YES;
				CLANG_WARN_INFINITE_RECURSION = YES;
				CLANG_WARN_INT_CONVERSION = YES;
				CLANG_WARN_NON_LITERAL_NULL_CONVERSION = YES;
				CLANG_WARN_OBJC_IMPLICIT_RETAIN_SELF = YES;
				CLANG_WARN_OBJC_LITERAL_CONVERSION = YES;
				CLANG_WARN_OBJC_ROOT_CLASS = YES_ERROR;
				CLANG_WARN_QUOTED_INCLUDE_IN_FRAMEWORK_HEADER = YES;
				CLANG_WARN_RANGE_LOOP_ANALYSIS = YES;
				CLANG_WARN_STRICT_PROTOTYPES = YES;
				CLANG_WARN_SUSPICIOUS_MOVE = YES;
				CLANG_WARN_UNGUARDED_AVAILABILITY = YES_AGGRESSIVE;
				CLANG_WARN_UNREACHABLE_CODE = YES;
				CLANG_WARN__DUPLICATE_METHOD_MATCH = YES;
				COPY_PHASE_STRIP = NO;
				DEBUG_INFORMATION_FORMAT = dwarf;
				ENABLE_STRICT_OBJC_MSGSEND = YES;
				ENABLE_TESTABILITY = YES;
				GCC_C_LANGUAGE_STANDARD = gnu11;
				GCC_DYNAMIC_NO_PIC = NO;
				GCC_NO_COMMON_BLOCKS = YES;
				GCC_OPTIMIZATION_LEVEL = 0;
				GCC_PREPROCESSOR_DEFINITIONS = (
					"DEBUG=1",
					"$(inherited)",
				);
				GCC_WARN_64_TO_32_BIT_CONVERSION = YES;
				GCC_WARN_ABOUT_RETURN_TYPE = YES_ERROR;
				GCC_WARN_UNDECLARED_SELECTOR = YES;
				GCC_WARN_UNINITIALIZED_AUTOS = YES_AGGRESSIVE;
				GCC_WARN_UNUSED_FUNCTION = YES;
				GCC_WARN_UNUSED_VARIABLE = YES;
				IPHONEOS_DEPLOYMENT_TARGET = 16.2;
				MTL_ENABLE_DEBUG_INFO = INCLUDE_SOURCE;
				MTL_FAST_MATH = YES;
				ONLY_ACTIVE_ARCH = YES;
				SDKROOT = iphoneos;
				SWIFT_ACTIVE_COMPILATION_CONDITIONS = DEBUG;
				SWIFT_OPTIMIZATION_LEVEL = "-Onone";
			};
			name = Debug;
		};
		BD9D68F629B3AF4E009DCB14 /* Release */ = {
			isa = XCBuildConfiguration;
			buildSettings = {
				ALWAYS_SEARCH_USER_PATHS = NO;
				CLANG_ANALYZER_NONNULL = YES;
				CLANG_ANALYZER_NUMBER_OBJECT_CONVERSION = YES_AGGRESSIVE;
				CLANG_CXX_LANGUAGE_STANDARD = "gnu++20";
				CLANG_ENABLE_MODULES = YES;
				CLANG_ENABLE_OBJC_ARC = YES;
				CLANG_ENABLE_OBJC_WEAK = YES;
				CLANG_WARN_BLOCK_CAPTURE_AUTORELEASING = YES;
				CLANG_WARN_BOOL_CONVERSION = YES;
				CLANG_WARN_COMMA = YES;
				CLANG_WARN_CONSTANT_CONVERSION = YES;
				CLANG_WARN_DEPRECATED_OBJC_IMPLEMENTATIONS = YES;
				CLANG_WARN_DIRECT_OBJC_ISA_USAGE = YES_ERROR;
				CLANG_WARN_DOCUMENTATION_COMMENTS = YES;
				CLANG_WARN_EMPTY_BODY = YES;
				CLANG_WARN_ENUM_CONVERSION = YES;
				CLANG_WARN_INFINITE_RECURSION = YES;
				CLANG_WARN_INT_CONVERSION = YES;
				CLANG_WARN_NON_LITERAL_NULL_CONVERSION = YES;
				CLANG_WARN_OBJC_IMPLICIT_RETAIN_SELF = YES;
				CLANG_WARN_OBJC_LITERAL_CONVERSION = YES;
				CLANG_WARN_OBJC_ROOT_CLASS = YES_ERROR;
				CLANG_WARN_QUOTED_INCLUDE_IN_FRAMEWORK_HEADER = YES;
				CLANG_WARN_RANGE_LOOP_ANALYSIS = YES;
				CLANG_WARN_STRICT_PROTOTYPES = YES;
				CLANG_WARN_SUSPICIOUS_MOVE = YES;
				CLANG_WARN_UNGUARDED_AVAILABILITY = YES_AGGRESSIVE;
				CLANG_WARN_UNREACHABLE_CODE = YES;
				CLANG_WARN__DUPLICATE_METHOD_MATCH = YES;
				COPY_PHASE_STRIP = NO;
				DEBUG_INFORMATION_FORMAT = "dwarf-with-dsym";
				ENABLE_NS_ASSERTIONS = NO;
				ENABLE_STRICT_OBJC_MSGSEND = YES;
				GCC_C_LANGUAGE_STANDARD = gnu11;
				GCC_NO_COMMON_BLOCKS = YES;
				GCC_WARN_64_TO_32_BIT_CONVERSION = YES;
				GCC_WARN_ABOUT_RETURN_TYPE = YES_ERROR;
				GCC_WARN_UNDECLARED_SELECTOR = YES;
				GCC_WARN_UNINITIALIZED_AUTOS = YES_AGGRESSIVE;
				GCC_WARN_UNUSED_FUNCTION = YES;
				GCC_WARN_UNUSED_VARIABLE = YES;
				IPHONEOS_DEPLOYMENT_TARGET = 16.2;
				MTL_ENABLE_DEBUG_INFO = NO;
				MTL_FAST_MATH = YES;
				SDKROOT = iphoneos;
				SWIFT_COMPILATION_MODE = wholemodule;
				SWIFT_OPTIMIZATION_LEVEL = "-O";
				VALIDATE_PRODUCT = YES;
			};
			name = Release;
		};
		BD9D68F829B3AF4E009DCB14 /* Debug */ = {
			isa = XCBuildConfiguration;
			baseConfigurationReference = 8B3838A83DDCB43F33C29062 /* Pods-alamo_test.debug.xcconfig */;
			buildSettings = {
				ASSETCATALOG_COMPILER_APPICON_NAME = AppIcon;
				ASSETCATALOG_COMPILER_GLOBAL_ACCENT_COLOR_NAME = AccentColor;
				CODE_SIGN_STYLE = Automatic;
				CURRENT_PROJECT_VERSION = 1;
				GENERATE_INFOPLIST_FILE = YES;
				INFOPLIST_FILE = alamo_test/Info.plist;
				INFOPLIST_KEY_UIApplicationSupportsIndirectInputEvents = YES;
				INFOPLIST_KEY_UILaunchStoryboardName = LaunchScreen;
				INFOPLIST_KEY_UIMainStoryboardFile = Main;
				INFOPLIST_KEY_UISupportedInterfaceOrientations_iPad = "UIInterfaceOrientationPortrait UIInterfaceOrientationPortraitUpsideDown UIInterfaceOrientationLandscapeLeft UIInterfaceOrientationLandscapeRight";
				INFOPLIST_KEY_UISupportedInterfaceOrientations_iPhone = "UIInterfaceOrientationPortrait UIInterfaceOrientationLandscapeLeft UIInterfaceOrientationLandscapeRight";
				LD_RUNPATH_SEARCH_PATHS = (
					"$(inherited)",
					"@executable_path/Frameworks",
				);
				MARKETING_VERSION = 1.0;
				PRODUCT_BUNDLE_IDENTIFIER = "com.eunji.alamo-test";
				PRODUCT_NAME = "$(TARGET_NAME)";
				SWIFT_EMIT_LOC_STRINGS = YES;
				SWIFT_VERSION = 5.0;
				TARGETED_DEVICE_FAMILY = "1,2";
			};
			name = Debug;
		};
		BD9D68F929B3AF4E009DCB14 /* Release */ = {
			isa = XCBuildConfiguration;
			baseConfigurationReference = A3B3B8201075B6958911A343 /* Pods-alamo_test.release.xcconfig */;
			buildSettings = {
				ASSETCATALOG_COMPILER_APPICON_NAME = AppIcon;
				ASSETCATALOG_COMPILER_GLOBAL_ACCENT_COLOR_NAME = AccentColor;
				CODE_SIGN_STYLE = Automatic;
				CURRENT_PROJECT_VERSION = 1;
				GENERATE_INFOPLIST_FILE = YES;
				INFOPLIST_FILE = alamo_test/Info.plist;
				INFOPLIST_KEY_UIApplicationSupportsIndirectInputEvents = YES;
				INFOPLIST_KEY_UILaunchStoryboardName = LaunchScreen;
				INFOPLIST_KEY_UIMainStoryboardFile = Main;
				INFOPLIST_KEY_UISupportedInterfaceOrientations_iPad = "UIInterfaceOrientationPortrait UIInterfaceOrientationPortraitUpsideDown UIInterfaceOrientationLandscapeLeft UIInterfaceOrientationLandscapeRight";
				INFOPLIST_KEY_UISupportedInterfaceOrientations_iPhone = "UIInterfaceOrientationPortrait UIInterfaceOrientationLandscapeLeft UIInterfaceOrientationLandscapeRight";
				LD_RUNPATH_SEARCH_PATHS = (
					"$(inherited)",
					"@executable_path/Frameworks",
				);
				MARKETING_VERSION = 1.0;
				PRODUCT_BUNDLE_IDENTIFIER = "com.eunji.alamo-test";
				PRODUCT_NAME = "$(TARGET_NAME)";
				SWIFT_EMIT_LOC_STRINGS = YES;
				SWIFT_VERSION = 5.0;
				TARGETED_DEVICE_FAMILY = "1,2";
			};
			name = Release;
		};
/* End XCBuildConfiguration section */

/* Begin XCConfigurationList section */
		BD9D68DE29B3AF4D009DCB14 /* Build configuration list for PBXProject "alamo_test" */ = {
			isa = XCConfigurationList;
			buildConfigurations = (
				BD9D68F529B3AF4E009DCB14 /* Debug */,
				BD9D68F629B3AF4E009DCB14 /* Release */,
			);
			defaultConfigurationIsVisible = 0;
			defaultConfigurationName = Release;
		};
		BD9D68F729B3AF4E009DCB14 /* Build configuration list for PBXNativeTarget "alamo_test" */ = {
			isa = XCConfigurationList;
			buildConfigurations = (
				BD9D68F829B3AF4E009DCB14 /* Debug */,
				BD9D68F929B3AF4E009DCB14 /* Release */,
			);
			defaultConfigurationIsVisible = 0;
			defaultConfigurationName = Release;
		};
/* End XCConfigurationList section */
	};
	rootObject = BD9D68DB29B3AF4D009DCB14 /* Project object */;
}
